# This file is automatically @generated by Poetry and should not be changed by hand.

[[package]]
name = "affine"
version = "2.4.0"
description = "Matrices describing affine transformation of the plane"
category = "main"
optional = false
python-versions = ">=3.7"
files = [
    {file = "affine-2.4.0-py3-none-any.whl", hash = "sha256:8a3df80e2b2378aef598a83c1392efd47967afec4242021a0b06b4c7cbc61a92"},
    {file = "affine-2.4.0.tar.gz", hash = "sha256:a24d818d6a836c131976d22f8c27b8d3ca32d0af64c1d8d29deb7bafa4da1eea"},
]

[package.extras]
dev = ["coveralls", "flake8", "pydocstyle"]
test = ["pytest (>=4.6)", "pytest-cov"]

[[package]]
name = "attrs"
version = "23.1.0"
description = "Classes Without Boilerplate"
category = "main"
optional = false
python-versions = ">=3.7"
files = [
    {file = "attrs-23.1.0-py3-none-any.whl", hash = "sha256:1f28b4522cdc2fb4256ac1a020c78acf9cba2c6b461ccd2c126f3aa8e8335d04"},
    {file = "attrs-23.1.0.tar.gz", hash = "sha256:6279836d581513a26f1bf235f9acd333bc9115683f14f7e8fae46c98fc50e015"},
]

[package.extras]
cov = ["attrs[tests]", "coverage[toml] (>=5.3)"]
dev = ["attrs[docs,tests]", "pre-commit"]
docs = ["furo", "myst-parser", "sphinx", "sphinx-notfound-page", "sphinxcontrib-towncrier", "towncrier", "zope-interface"]
tests = ["attrs[tests-no-zope]", "zope-interface"]
tests-no-zope = ["cloudpickle", "hypothesis", "mypy (>=1.1.1)", "pympler", "pytest (>=4.3.0)", "pytest-mypy-plugins", "pytest-xdist[psutil]"]

[[package]]
name = "black"
version = "23.12.0"
description = "The uncompromising code formatter."
category = "dev"
optional = false
python-versions = ">=3.8"
files = [
    {file = "black-23.12.0-cp310-cp310-macosx_10_9_x86_64.whl", hash = "sha256:67f19562d367468ab59bd6c36a72b2c84bc2f16b59788690e02bbcb140a77175"},
    {file = "black-23.12.0-cp310-cp310-macosx_11_0_arm64.whl", hash = "sha256:bbd75d9f28a7283b7426160ca21c5bd640ca7cd8ef6630b4754b6df9e2da8462"},
    {file = "black-23.12.0-cp310-cp310-manylinux_2_17_x86_64.manylinux2014_x86_64.whl", hash = "sha256:593596f699ca2dcbbbdfa59fcda7d8ad6604370c10228223cd6cf6ce1ce7ed7e"},
    {file = "black-23.12.0-cp310-cp310-win_amd64.whl", hash = "sha256:12d5f10cce8dc27202e9a252acd1c9a426c83f95496c959406c96b785a92bb7d"},
    {file = "black-23.12.0-cp311-cp311-macosx_10_9_x86_64.whl", hash = "sha256:e73c5e3d37e5a3513d16b33305713237a234396ae56769b839d7c40759b8a41c"},
    {file = "black-23.12.0-cp311-cp311-macosx_11_0_arm64.whl", hash = "sha256:ba09cae1657c4f8a8c9ff6cfd4a6baaf915bb4ef7d03acffe6a2f6585fa1bd01"},
    {file = "black-23.12.0-cp311-cp311-manylinux_2_17_x86_64.manylinux2014_x86_64.whl", hash = "sha256:ace64c1a349c162d6da3cef91e3b0e78c4fc596ffde9413efa0525456148873d"},
    {file = "black-23.12.0-cp311-cp311-win_amd64.whl", hash = "sha256:72db37a2266b16d256b3ea88b9affcdd5c41a74db551ec3dd4609a59c17d25bf"},
    {file = "black-23.12.0-cp312-cp312-macosx_10_9_x86_64.whl", hash = "sha256:fdf6f23c83078a6c8da2442f4d4eeb19c28ac2a6416da7671b72f0295c4a697b"},
    {file = "black-23.12.0-cp312-cp312-macosx_11_0_arm64.whl", hash = "sha256:39dda060b9b395a6b7bf9c5db28ac87b3c3f48d4fdff470fa8a94ab8271da47e"},
    {file = "black-23.12.0-cp312-cp312-manylinux_2_17_x86_64.manylinux2014_x86_64.whl", hash = "sha256:7231670266ca5191a76cb838185d9be59cfa4f5dd401b7c1c70b993c58f6b1b5"},
    {file = "black-23.12.0-cp312-cp312-win_amd64.whl", hash = "sha256:193946e634e80bfb3aec41830f5d7431f8dd5b20d11d89be14b84a97c6b8bc75"},
    {file = "black-23.12.0-cp38-cp38-macosx_10_9_x86_64.whl", hash = "sha256:bcf91b01ddd91a2fed9a8006d7baa94ccefe7e518556470cf40213bd3d44bbbc"},
    {file = "black-23.12.0-cp38-cp38-macosx_11_0_arm64.whl", hash = "sha256:996650a89fe5892714ea4ea87bc45e41a59a1e01675c42c433a35b490e5aa3f0"},
    {file = "black-23.12.0-cp38-cp38-manylinux_2_17_x86_64.manylinux2014_x86_64.whl", hash = "sha256:bdbff34c487239a63d86db0c9385b27cdd68b1bfa4e706aa74bb94a435403672"},
    {file = "black-23.12.0-cp38-cp38-win_amd64.whl", hash = "sha256:97af22278043a6a1272daca10a6f4d36c04dfa77e61cbaaf4482e08f3640e9f0"},
    {file = "black-23.12.0-cp39-cp39-macosx_10_9_x86_64.whl", hash = "sha256:ead25c273adfad1095a8ad32afdb8304933efba56e3c1d31b0fee4143a1e424a"},
    {file = "black-23.12.0-cp39-cp39-macosx_11_0_arm64.whl", hash = "sha256:c71048345bdbced456cddf1622832276d98a710196b842407840ae8055ade6ee"},
    {file = "black-23.12.0-cp39-cp39-manylinux_2_17_x86_64.manylinux2014_x86_64.whl", hash = "sha256:81a832b6e00eef2c13b3239d514ea3b7d5cc3eaa03d0474eedcbbda59441ba5d"},
    {file = "black-23.12.0-cp39-cp39-win_amd64.whl", hash = "sha256:6a82a711d13e61840fb11a6dfecc7287f2424f1ca34765e70c909a35ffa7fb95"},
    {file = "black-23.12.0-py3-none-any.whl", hash = "sha256:a7c07db8200b5315dc07e331dda4d889a56f6bf4db6a9c2a526fa3166a81614f"},
    {file = "black-23.12.0.tar.gz", hash = "sha256:330a327b422aca0634ecd115985c1c7fd7bdb5b5a2ef8aa9888a82e2ebe9437a"},
]

[package.dependencies]
click = ">=8.0.0"
mypy-extensions = ">=0.4.3"
packaging = ">=22.0"
pathspec = ">=0.9.0"
platformdirs = ">=2"

[package.extras]
colorama = ["colorama (>=0.4.3)"]
d = ["aiohttp (>=3.7.4)", "aiohttp (>=3.7.4,!=3.9.0)"]
jupyter = ["ipython (>=7.8.0)", "tokenize-rt (>=3.2.0)"]
uvloop = ["uvloop (>=0.15.2)"]

[[package]]
name = "certifi"
version = "2023.11.17"
description = "Python package for providing Mozilla's CA Bundle."
category = "main"
optional = false
python-versions = ">=3.6"
files = [
    {file = "certifi-2023.11.17-py3-none-any.whl", hash = "sha256:e036ab49d5b79556f99cfc2d9320b34cfbe5be05c5871b51de9329f0603b0474"},
    {file = "certifi-2023.11.17.tar.gz", hash = "sha256:9b469f3a900bf28dc19b8cfbf8019bf47f7fdd1a65a1d4ffb98fc14166beb4d1"},
]

[[package]]
name = "click"
version = "8.1.7"
description = "Composable command line interface toolkit"
category = "main"
optional = false
python-versions = ">=3.7"
files = [
    {file = "click-8.1.7-py3-none-any.whl", hash = "sha256:ae74fb96c20a0277a1d615f1e4d73c8414f5a98db8b799a7931d1582f3390c28"},
    {file = "click-8.1.7.tar.gz", hash = "sha256:ca9853ad459e787e2192211578cc907e7594e294c7ccc834310722b41b9ca6de"},
]

[package.dependencies]
colorama = {version = "*", markers = "platform_system == \"Windows\""}

[[package]]
name = "click-plugins"
version = "1.1.1"
description = "An extension module for click to enable registering CLI commands via setuptools entry-points."
category = "main"
optional = false
python-versions = "*"
files = [
    {file = "click-plugins-1.1.1.tar.gz", hash = "sha256:46ab999744a9d831159c3411bb0c79346d94a444df9a3a3742e9ed63645f264b"},
    {file = "click_plugins-1.1.1-py2.py3-none-any.whl", hash = "sha256:5d262006d3222f5057fd81e1623d4443e41dcda5dc815c06b442aa3c02889fc8"},
]

[package.dependencies]
click = ">=4.0"

[package.extras]
dev = ["coveralls", "pytest (>=3.6)", "pytest-cov", "wheel"]

[[package]]
name = "cligj"
version = "0.7.2"
description = "Click params for commmand line interfaces to GeoJSON"
category = "main"
optional = false
python-versions = ">=2.7, !=3.0.*, !=3.1.*, !=3.2.*, <4"
files = [
    {file = "cligj-0.7.2-py3-none-any.whl", hash = "sha256:c1ca117dbce1fe20a5809dc96f01e1c2840f6dcc939b3ddbb1111bf330ba82df"},
    {file = "cligj-0.7.2.tar.gz", hash = "sha256:a4bc13d623356b373c2c27c53dbd9c68cae5d526270bfa71f6c6fa69669c6b27"},
]

[package.dependencies]
click = ">=4.0"

[package.extras]
test = ["pytest-cov"]

[[package]]
name = "colorama"
version = "0.4.6"
description = "Cross-platform colored terminal text."
category = "main"
optional = false
python-versions = "!=3.0.*,!=3.1.*,!=3.2.*,!=3.3.*,!=3.4.*,!=3.5.*,!=3.6.*,>=2.7"
files = [
    {file = "colorama-0.4.6-py2.py3-none-any.whl", hash = "sha256:4f1d9991f5acc0ca119f9d443620b77f9d6b33703e51011c16baf57afb285fc6"},
    {file = "colorama-0.4.6.tar.gz", hash = "sha256:08695f5cb7ed6e0531a20572697297273c47b8cae5a63ffc6d6ed5c201be6e44"},
]

[[package]]
name = "flake8"
version = "6.1.0"
description = "the modular source code checker: pep8 pyflakes and co"
category = "dev"
optional = false
python-versions = ">=3.8.1"
files = [
    {file = "flake8-6.1.0-py2.py3-none-any.whl", hash = "sha256:ffdfce58ea94c6580c77888a86506937f9a1a227dfcd15f245d694ae20a6b6e5"},
    {file = "flake8-6.1.0.tar.gz", hash = "sha256:d5b3857f07c030bdb5bf41c7f53799571d75c4491748a3adcd47de929e34cd23"},
]

[package.dependencies]
mccabe = ">=0.7.0,<0.8.0"
pycodestyle = ">=2.11.0,<2.12.0"
pyflakes = ">=3.1.0,<3.2.0"

[[package]]
name = "isort"
version = "5.13.2"
description = "A Python utility / library to sort Python imports."
category = "dev"
optional = false
python-versions = ">=3.8.0"
files = [
    {file = "isort-5.13.2-py3-none-any.whl", hash = "sha256:8ca5e72a8d85860d5a3fa69b8745237f2939afe12dbf656afbcb47fe72d947a6"},
    {file = "isort-5.13.2.tar.gz", hash = "sha256:48fdfcb9face5d58a4f6dde2e72a1fb8dcaf8ab26f95ab49fab84c2ddefb0109"},
]

[package.extras]
colors = ["colorama (>=0.4.6)"]

[[package]]
name = "laspy"
version = "2.5.1"
description = "Native Python ASPRS LAS read/write library"
category = "main"
optional = false
python-versions = ">=3.8"
files = [
    {file = "laspy-2.5.1.tar.gz", hash = "sha256:baa3c9c6cc155636f161149111f9cfc243dbd14f6cca729c94b356b31c668f2e"},
]

[package.dependencies]
numpy = "*"

[package.extras]
cli = ["typer[all] (>=0.8.0)"]
dev = ["black (==22.3.0)", "coverage", "isort (==5.11.5)", "m2r2", "nox", "pytest", "pytest-benchmark", "rangehttpserver", "sphinx", "sphinx-rtd-theme"]
laszip = ["laszip (>=0.2.1,<0.3.0)"]
lazrs = ["lazrs (>=0.5.0,<0.6.0)"]
pyproj = ["pyproj"]
requests = ["requests"]

[[package]]
name = "mccabe"
version = "0.7.0"
description = "McCabe checker, plugin for flake8"
category = "dev"
optional = false
python-versions = ">=3.6"
files = [
    {file = "mccabe-0.7.0-py2.py3-none-any.whl", hash = "sha256:6c2d30ab6be0e4a46919781807b4f0d834ebdd6c6e3dca0bda5a15f863427b6e"},
    {file = "mccabe-0.7.0.tar.gz", hash = "sha256:348e0240c33b60bbdf4e523192ef919f28cb2c3d7d5c7794f74009290f236325"},
]

[[package]]
name = "mypy-extensions"
version = "1.0.0"
description = "Type system extensions for programs checked with the mypy type checker."
category = "dev"
optional = false
python-versions = ">=3.5"
files = [
    {file = "mypy_extensions-1.0.0-py3-none-any.whl", hash = "sha256:4392f6c0eb8a5668a69e23d168ffa70f0be9ccfd32b5cc2d26a34ae5b844552d"},
    {file = "mypy_extensions-1.0.0.tar.gz", hash = "sha256:75dbf8955dc00442a438fc4d0666508a9a97b6bd41aa2f0ffe9d2f2725af0782"},
]

[[package]]
name = "numpy"
version = "1.26.2"
description = "Fundamental package for array computing in Python"
category = "main"
optional = false
python-versions = ">=3.9"
files = [
    {file = "numpy-1.26.2-cp310-cp310-macosx_10_9_x86_64.whl", hash = "sha256:3703fc9258a4a122d17043e57b35e5ef1c5a5837c3db8be396c82e04c1cf9b0f"},
    {file = "numpy-1.26.2-cp310-cp310-macosx_11_0_arm64.whl", hash = "sha256:cc392fdcbd21d4be6ae1bb4475a03ce3b025cd49a9be5345d76d7585aea69440"},
    {file = "numpy-1.26.2-cp310-cp310-manylinux_2_17_aarch64.manylinux2014_aarch64.whl", hash = "sha256:36340109af8da8805d8851ef1d74761b3b88e81a9bd80b290bbfed61bd2b4f75"},
    {file = "numpy-1.26.2-cp310-cp310-manylinux_2_17_x86_64.manylinux2014_x86_64.whl", hash = "sha256:bcc008217145b3d77abd3e4d5ef586e3bdfba8fe17940769f8aa09b99e856c00"},
    {file = "numpy-1.26.2-cp310-cp310-musllinux_1_1_aarch64.whl", hash = "sha256:3ced40d4e9e18242f70dd02d739e44698df3dcb010d31f495ff00a31ef6014fe"},
    {file = "numpy-1.26.2-cp310-cp310-musllinux_1_1_x86_64.whl", hash = "sha256:b272d4cecc32c9e19911891446b72e986157e6a1809b7b56518b4f3755267523"},
    {file = "numpy-1.26.2-cp310-cp310-win32.whl", hash = "sha256:22f8fc02fdbc829e7a8c578dd8d2e15a9074b630d4da29cda483337e300e3ee9"},
    {file = "numpy-1.26.2-cp310-cp310-win_amd64.whl", hash = "sha256:26c9d33f8e8b846d5a65dd068c14e04018d05533b348d9eaeef6c1bd787f9919"},
    {file = "numpy-1.26.2-cp311-cp311-macosx_10_9_x86_64.whl", hash = "sha256:b96e7b9c624ef3ae2ae0e04fa9b460f6b9f17ad8b4bec6d7756510f1f6c0c841"},
    {file = "numpy-1.26.2-cp311-cp311-macosx_11_0_arm64.whl", hash = "sha256:aa18428111fb9a591d7a9cc1b48150097ba6a7e8299fb56bdf574df650e7d1f1"},
    {file = "numpy-1.26.2-cp311-cp311-manylinux_2_17_aarch64.manylinux2014_aarch64.whl", hash = "sha256:06fa1ed84aa60ea6ef9f91ba57b5ed963c3729534e6e54055fc151fad0423f0a"},
    {file = "numpy-1.26.2-cp311-cp311-manylinux_2_17_x86_64.manylinux2014_x86_64.whl", hash = "sha256:96ca5482c3dbdd051bcd1fce8034603d6ebfc125a7bd59f55b40d8f5d246832b"},
    {file = "numpy-1.26.2-cp311-cp311-musllinux_1_1_aarch64.whl", hash = "sha256:854ab91a2906ef29dc3925a064fcd365c7b4da743f84b123002f6139bcb3f8a7"},
    {file = "numpy-1.26.2-cp311-cp311-musllinux_1_1_x86_64.whl", hash = "sha256:f43740ab089277d403aa07567be138fc2a89d4d9892d113b76153e0e412409f8"},
    {file = "numpy-1.26.2-cp311-cp311-win32.whl", hash = "sha256:a2bbc29fcb1771cd7b7425f98b05307776a6baf43035d3b80c4b0f29e9545186"},
    {file = "numpy-1.26.2-cp311-cp311-win_amd64.whl", hash = "sha256:2b3fca8a5b00184828d12b073af4d0fc5fdd94b1632c2477526f6bd7842d700d"},
    {file = "numpy-1.26.2-cp312-cp312-macosx_10_9_x86_64.whl", hash = "sha256:a4cd6ed4a339c21f1d1b0fdf13426cb3b284555c27ac2f156dfdaaa7e16bfab0"},
    {file = "numpy-1.26.2-cp312-cp312-macosx_11_0_arm64.whl", hash = "sha256:5d5244aabd6ed7f312268b9247be47343a654ebea52a60f002dc70c769048e75"},
    {file = "numpy-1.26.2-cp312-cp312-manylinux_2_17_aarch64.manylinux2014_aarch64.whl", hash = "sha256:6a3cdb4d9c70e6b8c0814239ead47da00934666f668426fc6e94cce869e13fd7"},
    {file = "numpy-1.26.2-cp312-cp312-manylinux_2_17_x86_64.manylinux2014_x86_64.whl", hash = "sha256:aa317b2325f7aa0a9471663e6093c210cb2ae9c0ad824732b307d2c51983d5b6"},
    {file = "numpy-1.26.2-cp312-cp312-musllinux_1_1_aarch64.whl", hash = "sha256:174a8880739c16c925799c018f3f55b8130c1f7c8e75ab0a6fa9d41cab092fd6"},
    {file = "numpy-1.26.2-cp312-cp312-musllinux_1_1_x86_64.whl", hash = "sha256:f79b231bf5c16b1f39c7f4875e1ded36abee1591e98742b05d8a0fb55d8a3eec"},
    {file = "numpy-1.26.2-cp312-cp312-win32.whl", hash = "sha256:4a06263321dfd3598cacb252f51e521a8cb4b6df471bb12a7ee5cbab20ea9167"},
    {file = "numpy-1.26.2-cp312-cp312-win_amd64.whl", hash = "sha256:b04f5dc6b3efdaab541f7857351aac359e6ae3c126e2edb376929bd3b7f92d7e"},
    {file = "numpy-1.26.2-cp39-cp39-macosx_10_9_x86_64.whl", hash = "sha256:4eb8df4bf8d3d90d091e0146f6c28492b0be84da3e409ebef54349f71ed271ef"},
    {file = "numpy-1.26.2-cp39-cp39-macosx_11_0_arm64.whl", hash = "sha256:1a13860fdcd95de7cf58bd6f8bc5a5ef81c0b0625eb2c9a783948847abbef2c2"},
    {file = "numpy-1.26.2-cp39-cp39-manylinux_2_17_aarch64.manylinux2014_aarch64.whl", hash = "sha256:64308ebc366a8ed63fd0bf426b6a9468060962f1a4339ab1074c228fa6ade8e3"},
    {file = "numpy-1.26.2-cp39-cp39-manylinux_2_17_x86_64.manylinux2014_x86_64.whl", hash = "sha256:baf8aab04a2c0e859da118f0b38617e5ee65d75b83795055fb66c0d5e9e9b818"},
    {file = "numpy-1.26.2-cp39-cp39-musllinux_1_1_aarch64.whl", hash = "sha256:d73a3abcac238250091b11caef9ad12413dab01669511779bc9b29261dd50210"},
    {file = "numpy-1.26.2-cp39-cp39-musllinux_1_1_x86_64.whl", hash = "sha256:b361d369fc7e5e1714cf827b731ca32bff8d411212fccd29ad98ad622449cc36"},
    {file = "numpy-1.26.2-cp39-cp39-win32.whl", hash = "sha256:bd3f0091e845164a20bd5a326860c840fe2af79fa12e0469a12768a3ec578d80"},
    {file = "numpy-1.26.2-cp39-cp39-win_amd64.whl", hash = "sha256:2beef57fb031dcc0dc8fa4fe297a742027b954949cabb52a2a376c144e5e6060"},
    {file = "numpy-1.26.2-pp39-pypy39_pp73-macosx_10_9_x86_64.whl", hash = "sha256:1cc3d5029a30fb5f06704ad6b23b35e11309491c999838c31f124fee32107c79"},
    {file = "numpy-1.26.2-pp39-pypy39_pp73-manylinux_2_17_x86_64.manylinux2014_x86_64.whl", hash = "sha256:94cc3c222bb9fb5a12e334d0479b97bb2df446fbe622b470928f5284ffca3f8d"},
    {file = "numpy-1.26.2-pp39-pypy39_pp73-win_amd64.whl", hash = "sha256:fe6b44fb8fcdf7eda4ef4461b97b3f63c466b27ab151bec2366db8b197387841"},
    {file = "numpy-1.26.2.tar.gz", hash = "sha256:f65738447676ab5777f11e6bbbdb8ce11b785e105f690bc45966574816b6d3ea"},
]

[[package]]
name = "packaging"
version = "23.2"
description = "Core utilities for Python packages"
category = "dev"
optional = false
python-versions = ">=3.7"
files = [
    {file = "packaging-23.2-py3-none-any.whl", hash = "sha256:8c491190033a9af7e1d931d0b5dacc2ef47509b34dd0de67ed209b5203fc88c7"},
    {file = "packaging-23.2.tar.gz", hash = "sha256:048fb0e9405036518eaaf48a55953c750c11e1a1b68e0dd1a9d62ed0c092cfc5"},
]

[[package]]
name = "pathspec"
version = "0.12.1"
description = "Utility library for gitignore style pattern matching of file paths."
category = "dev"
optional = false
python-versions = ">=3.8"
files = [
    {file = "pathspec-0.12.1-py3-none-any.whl", hash = "sha256:a0d503e138a4c123b27490a4f7beda6a01c6f288df0e4a8b79c7eb0dc7b4cc08"},
    {file = "pathspec-0.12.1.tar.gz", hash = "sha256:a482d51503a1ab33b1c67a6c3813a26953dbdc71c31dacaef9a838c4e29f5712"},
]

[[package]]
name = "pdal"
version = "3.2.3"
description = "Point cloud data processing"
category = "main"
optional = false
python-versions = "*"
files = [
    {file = "pdal-3.2.3.tar.gz", hash = "sha256:0bc2cb113f4df45b239dd54aedb8026478349db2daa5c98569994308d0563807"},
]

[package.dependencies]
numpy = "*"

[[package]]
name = "platformdirs"
version = "4.1.0"
description = "A small Python package for determining appropriate platform-specific dirs, e.g. a \"user data dir\"."
category = "dev"
optional = false
python-versions = ">=3.8"
files = [
    {file = "platformdirs-4.1.0-py3-none-any.whl", hash = "sha256:11c8f37bcca40db96d8144522d925583bdb7a31f7b0e37e3ed4318400a8e2380"},
    {file = "platformdirs-4.1.0.tar.gz", hash = "sha256:906d548203468492d432bcb294d4bc2fff751bf84971fbb2c10918cc206ee420"},
]

[package.extras]
docs = ["furo (>=2023.7.26)", "proselint (>=0.13)", "sphinx (>=7.1.1)", "sphinx-autodoc-typehints (>=1.24)"]
test = ["appdirs (==1.4.4)", "covdefaults (>=2.3)", "pytest (>=7.4)", "pytest-cov (>=4.1)", "pytest-mock (>=3.11.1)"]

[[package]]
name = "pycodestyle"
version = "2.11.1"
description = "Python style guide checker"
category = "dev"
optional = false
python-versions = ">=3.8"
files = [
    {file = "pycodestyle-2.11.1-py2.py3-none-any.whl", hash = "sha256:44fe31000b2d866f2e41841b18528a505fbd7fef9017b04eff4e2648a0fadc67"},
    {file = "pycodestyle-2.11.1.tar.gz", hash = "sha256:41ba0e7afc9752dfb53ced5489e89f8186be00e599e712660695b7a75ff2663f"},
]

[[package]]
name = "pyflakes"
version = "3.1.0"
description = "passive checker of Python programs"
category = "dev"
optional = false
python-versions = ">=3.8"
files = [
    {file = "pyflakes-3.1.0-py2.py3-none-any.whl", hash = "sha256:4132f6d49cb4dae6819e5379898f2b8cce3c5f23994194c24b77d5da2e36f774"},
    {file = "pyflakes-3.1.0.tar.gz", hash = "sha256:a0aae034c444db0071aa077972ba4768d40c830d9539fd45bf4cd3f8f6992efc"},
]

[[package]]
name = "pyparsing"
version = "3.1.1"
description = "pyparsing module - Classes and methods to define and execute parsing grammars"
category = "main"
optional = false
python-versions = ">=3.6.8"
files = [
    {file = "pyparsing-3.1.1-py3-none-any.whl", hash = "sha256:32c7c0b711493c72ff18a981d24f28aaf9c1fb7ed5e9667c9e84e3db623bdbfb"},
    {file = "pyparsing-3.1.1.tar.gz", hash = "sha256:ede28a1a32462f5a9705e07aea48001a08f7cf81a021585011deba701581a0db"},
]

[package.extras]
diagrams = ["jinja2", "railroad-diagrams"]

[[package]]
name = "pyproj"
version = "3.6.1"
description = "Python interface to PROJ (cartographic projections and coordinate transformations library)"
category = "main"
optional = false
python-versions = ">=3.9"
files = [
    {file = "pyproj-3.6.1-cp310-cp310-macosx_10_9_x86_64.whl", hash = "sha256:ab7aa4d9ff3c3acf60d4b285ccec134167a948df02347585fdd934ebad8811b4"},
    {file = "pyproj-3.6.1-cp310-cp310-macosx_11_0_arm64.whl", hash = "sha256:4bc0472302919e59114aa140fd7213c2370d848a7249d09704f10f5b062031fe"},
    {file = "pyproj-3.6.1-cp310-cp310-manylinux_2_17_aarch64.manylinux2014_aarch64.whl", hash = "sha256:5279586013b8d6582e22b6f9e30c49796966770389a9d5b85e25a4223286cd3f"},
    {file = "pyproj-3.6.1-cp310-cp310-manylinux_2_17_x86_64.manylinux2014_x86_64.whl", hash = "sha256:80fafd1f3eb421694857f254a9bdbacd1eb22fc6c24ca74b136679f376f97d35"},
    {file = "pyproj-3.6.1-cp310-cp310-win32.whl", hash = "sha256:c41e80ddee130450dcb8829af7118f1ab69eaf8169c4bf0ee8d52b72f098dc2f"},
    {file = "pyproj-3.6.1-cp310-cp310-win_amd64.whl", hash = "sha256:db3aedd458e7f7f21d8176f0a1d924f1ae06d725228302b872885a1c34f3119e"},
    {file = "pyproj-3.6.1-cp311-cp311-macosx_10_9_x86_64.whl", hash = "sha256:ebfbdbd0936e178091309f6cd4fcb4decd9eab12aa513cdd9add89efa3ec2882"},
    {file = "pyproj-3.6.1-cp311-cp311-macosx_11_0_arm64.whl", hash = "sha256:447db19c7efad70ff161e5e46a54ab9cc2399acebb656b6ccf63e4bc4a04b97a"},
    {file = "pyproj-3.6.1-cp311-cp311-manylinux_2_17_aarch64.manylinux2014_aarch64.whl", hash = "sha256:e7e13c40183884ec7f94eb8e0f622f08f1d5716150b8d7a134de48c6110fee85"},
    {file = "pyproj-3.6.1-cp311-cp311-manylinux_2_17_x86_64.manylinux2014_x86_64.whl", hash = "sha256:65ad699e0c830e2b8565afe42bd58cc972b47d829b2e0e48ad9638386d994915"},
    {file = "pyproj-3.6.1-cp311-cp311-win32.whl", hash = "sha256:8b8acc31fb8702c54625f4d5a2a6543557bec3c28a0ef638778b7ab1d1772132"},
    {file = "pyproj-3.6.1-cp311-cp311-win_amd64.whl", hash = "sha256:38a3361941eb72b82bd9a18f60c78b0df8408416f9340521df442cebfc4306e2"},
    {file = "pyproj-3.6.1-cp312-cp312-macosx_10_9_x86_64.whl", hash = "sha256:1e9fbaf920f0f9b4ee62aab832be3ae3968f33f24e2e3f7fbb8c6728ef1d9746"},
    {file = "pyproj-3.6.1-cp312-cp312-macosx_11_0_arm64.whl", hash = "sha256:6d227a865356f225591b6732430b1d1781e946893789a609bb34f59d09b8b0f8"},
    {file = "pyproj-3.6.1-cp312-cp312-manylinux_2_17_aarch64.manylinux2014_aarch64.whl", hash = "sha256:83039e5ae04e5afc974f7d25ee0870a80a6bd6b7957c3aca5613ccbe0d3e72bf"},
    {file = "pyproj-3.6.1-cp312-cp312-manylinux_2_17_x86_64.manylinux2014_x86_64.whl", hash = "sha256:fffb059ba3bced6f6725961ba758649261d85ed6ce670d3e3b0a26e81cf1aa8d"},
    {file = "pyproj-3.6.1-cp312-cp312-win32.whl", hash = "sha256:2d6ff73cc6dbbce3766b6c0bce70ce070193105d8de17aa2470009463682a8eb"},
    {file = "pyproj-3.6.1-cp312-cp312-win_amd64.whl", hash = "sha256:7a27151ddad8e1439ba70c9b4b2b617b290c39395fa9ddb7411ebb0eb86d6fb0"},
    {file = "pyproj-3.6.1-cp39-cp39-macosx_10_9_x86_64.whl", hash = "sha256:4ba1f9b03d04d8cab24d6375609070580a26ce76eaed54631f03bab00a9c737b"},
    {file = "pyproj-3.6.1-cp39-cp39-macosx_11_0_arm64.whl", hash = "sha256:18faa54a3ca475bfe6255156f2f2874e9a1c8917b0004eee9f664b86ccc513d3"},
    {file = "pyproj-3.6.1-cp39-cp39-manylinux_2_17_aarch64.manylinux2014_aarch64.whl", hash = "sha256:fd43bd9a9b9239805f406fd82ba6b106bf4838d9ef37c167d3ed70383943ade1"},
    {file = "pyproj-3.6.1-cp39-cp39-manylinux_2_17_x86_64.manylinux2014_x86_64.whl", hash = "sha256:50100b2726a3ca946906cbaa789dd0749f213abf0cbb877e6de72ca7aa50e1ae"},
    {file = "pyproj-3.6.1-cp39-cp39-win32.whl", hash = "sha256:9274880263256f6292ff644ca92c46d96aa7e57a75c6df3f11d636ce845a1877"},
    {file = "pyproj-3.6.1-cp39-cp39-win_amd64.whl", hash = "sha256:36b64c2cb6ea1cc091f329c5bd34f9c01bb5da8c8e4492c709bda6a09f96808f"},
    {file = "pyproj-3.6.1-pp39-pypy39_pp73-macosx_10_9_x86_64.whl", hash = "sha256:fd93c1a0c6c4aedc77c0fe275a9f2aba4d59b8acf88cebfc19fe3c430cfabf4f"},
    {file = "pyproj-3.6.1-pp39-pypy39_pp73-manylinux_2_17_x86_64.manylinux2014_x86_64.whl", hash = "sha256:6420ea8e7d2a88cb148b124429fba8cd2e0fae700a2d96eab7083c0928a85110"},
    {file = "pyproj-3.6.1.tar.gz", hash = "sha256:44aa7c704c2b7d8fb3d483bbf75af6cb2350d30a63b144279a09b75fead501bf"},
]

[package.dependencies]
certifi = "*"

[[package]]
name = "rasterio"
version = "1.3.9"
description = "Fast and direct raster I/O for use with Numpy and SciPy"
category = "main"
optional = false
python-versions = ">=3.8"
files = [
    {file = "rasterio-1.3.9-cp310-cp310-macosx_10_15_x86_64.whl", hash = "sha256:04247da9f4002587ac2bec967c3a72f63fc0e6654101c06850bae3d8131b700d"},
    {file = "rasterio-1.3.9-cp310-cp310-macosx_11_0_arm64.whl", hash = "sha256:c9edce37b70f4cd4be5d3f5d314877e3130aeebb612120405cd28f83fe200865"},
    {file = "rasterio-1.3.9-cp310-cp310-manylinux2014_x86_64.whl", hash = "sha256:fd6a850a37840ba590ddcf7ff90ba007b1e231b04434d8b4ac5ce0f746ada91a"},
    {file = "rasterio-1.3.9-cp310-cp310-win_amd64.whl", hash = "sha256:0c83156a44f8fda11876ff9f2ff1b602d7e7434447f7d621353f2929cefb1bf1"},
    {file = "rasterio-1.3.9-cp311-cp311-macosx_10_15_x86_64.whl", hash = "sha256:0172dbd80bd9adc105ec2c9bd207dbd5519ea06b438a4d965c6290ae8ed6ff9f"},
    {file = "rasterio-1.3.9-cp311-cp311-macosx_11_0_arm64.whl", hash = "sha256:0ea5b42597d85868ee88c750cc33f2ae729e1b5e3fe28f99071f39e1417bf1c0"},
    {file = "rasterio-1.3.9-cp311-cp311-manylinux2014_x86_64.whl", hash = "sha256:be9b343bd08245df22115775dc9513c912afb4134d832662fa165d70cb805c34"},
    {file = "rasterio-1.3.9-cp311-cp311-win_amd64.whl", hash = "sha256:06d53e2e0885f039f960beb7c861400b92ea3e0e5abc2c67483fb56b1e5cbc13"},
    {file = "rasterio-1.3.9-cp312-cp312-macosx_10_15_x86_64.whl", hash = "sha256:a34bb9eef67b7896e2dfb39e10ba6372f9894226fb790bd7a46f5748f205b7d8"},
    {file = "rasterio-1.3.9-cp312-cp312-macosx_11_0_arm64.whl", hash = "sha256:67b144b9678f9ad4cf5f2c3f455cbc6a7166c0523179249cee8f2e2c57d76c5b"},
    {file = "rasterio-1.3.9-cp312-cp312-manylinux2014_x86_64.whl", hash = "sha256:99b72fccb702a921f43e56a4507b4cafe2a9196b478b993b98e82ec6851916d7"},
    {file = "rasterio-1.3.9-cp312-cp312-win_amd64.whl", hash = "sha256:6777fad3c31eb3e5da0ccaa28a032ad07c20d003bcd14f8bc13e16ca2f62348c"},
    {file = "rasterio-1.3.9-cp38-cp38-macosx_10_15_x86_64.whl", hash = "sha256:55bb1a2701dd67c1952b261a2ffbabd947a435d4457f13c25092a32ab7a4b36e"},
    {file = "rasterio-1.3.9-cp38-cp38-macosx_11_0_arm64.whl", hash = "sha256:726d8e8884359c34f672312171310052d5483af550ef00fb4f2562cc022a6f5a"},
    {file = "rasterio-1.3.9-cp38-cp38-manylinux2014_x86_64.whl", hash = "sha256:f65879415df188fdc9388ccf2ee01e0659abae370d12518a17b60151e7d04efe"},
    {file = "rasterio-1.3.9-cp38-cp38-win_amd64.whl", hash = "sha256:89771b70ee722c4cc808e2a6139b367bef1a736ecd497b311b3515d78a5d16bc"},
    {file = "rasterio-1.3.9-cp39-cp39-macosx_10_15_x86_64.whl", hash = "sha256:14df8413c030b04e54d478d6ecec4e5958b46585c3cb970bf0dc19b4831146c8"},
    {file = "rasterio-1.3.9-cp39-cp39-macosx_11_0_arm64.whl", hash = "sha256:911e54e0bb97c456a045f6d8e24b00aeb055a235d2aa7c2c1f9128f4c6c7a52d"},
    {file = "rasterio-1.3.9-cp39-cp39-manylinux2014_x86_64.whl", hash = "sha256:01e428ee5ba8444f5cb4fff56225acb1ab9bc8b77209b6e4198e04565d8a8509"},
    {file = "rasterio-1.3.9-cp39-cp39-win_amd64.whl", hash = "sha256:26d9aea05b035927647bb32cc04fad0a68346a2f5186224dc1c2555c33515183"},
    {file = "rasterio-1.3.9.tar.gz", hash = "sha256:fc6d0d290492fa1a5068711cfebb21cc936968891b7ed9da0690c8a7388885c5"},
]

[package.dependencies]
affine = "*"
attrs = "*"
certifi = "*"
click = ">=4.0"
click-plugins = "*"
cligj = ">=0.5"
numpy = "*"
setuptools = "*"
snuggs = ">=1.4.1"

[package.extras]
all = ["boto3 (>=1.2.4)", "ghp-import", "hypothesis", "ipython (>=2.0)", "matplotlib", "numpydoc", "packaging", "pytest (>=2.8.2)", "pytest-cov (>=2.2.0)", "shapely", "sphinx", "sphinx-rtd-theme"]
docs = ["ghp-import", "numpydoc", "sphinx", "sphinx-rtd-theme"]
ipython = ["ipython (>=2.0)"]
plot = ["matplotlib"]
s3 = ["boto3 (>=1.2.4)"]
test = ["boto3 (>=1.2.4)", "hypothesis", "packaging", "pytest (>=2.8.2)", "pytest-cov (>=2.2.0)", "shapely"]

[[package]]
name = "setuptools"
version = "69.0.3"
description = "Easily download, build, install, upgrade, and uninstall Python packages"
category = "main"
optional = false
python-versions = ">=3.8"
files = [
    {file = "setuptools-69.0.3-py3-none-any.whl", hash = "sha256:385eb4edd9c9d5c17540511303e39a147ce2fc04bc55289c322b9e5904fe2c05"},
    {file = "setuptools-69.0.3.tar.gz", hash = "sha256:be1af57fc409f93647f2e8e4573a142ed38724b8cdd389706a867bb4efcf1e78"},
]

[package.extras]
docs = ["furo", "jaraco.packaging (>=9.3)", "jaraco.tidelift (>=1.4)", "pygments-github-lexers (==0.0.5)", "rst.linker (>=1.9)", "sphinx (<7.2.5)", "sphinx (>=3.5)", "sphinx-favicon", "sphinx-inline-tabs", "sphinx-lint", "sphinx-notfound-page (>=1,<2)", "sphinx-reredirects", "sphinxcontrib-towncrier"]
testing = ["build[virtualenv]", "filelock (>=3.4.0)", "flake8-2020", "ini2toml[lite] (>=0.9)", "jaraco.develop (>=7.21)", "jaraco.envs (>=2.2)", "jaraco.path (>=3.2.0)", "pip (>=19.1)", "pytest (>=6)", "pytest-black (>=0.3.7)", "pytest-checkdocs (>=2.4)", "pytest-cov", "pytest-enabler (>=2.2)", "pytest-mypy (>=0.9.1)", "pytest-perf", "pytest-ruff", "pytest-timeout", "pytest-xdist", "tomli-w (>=1.0.0)", "virtualenv (>=13.0.0)", "wheel"]
testing-integration = ["build[virtualenv] (>=1.0.3)", "filelock (>=3.4.0)", "jaraco.envs (>=2.2)", "jaraco.path (>=3.2.0)", "packaging (>=23.1)", "pytest", "pytest-enabler", "pytest-xdist", "tomli", "virtualenv (>=13.0.0)", "wheel"]

[[package]]
name = "snuggs"
version = "1.4.7"
description = "Snuggs are s-expressions for Numpy"
category = "main"
optional = false
python-versions = "*"
files = [
    {file = "snuggs-1.4.7-py3-none-any.whl", hash = "sha256:988dde5d4db88e9d71c99457404773dabcc7a1c45971bfbe81900999942d9f07"},
    {file = "snuggs-1.4.7.tar.gz", hash = "sha256:501cf113fe3892e14e2fee76da5cd0606b7e149c411c271898e6259ebde2617b"},
]

[package.dependencies]
numpy = "*"
pyparsing = ">=2.1.6"

[package.extras]
test = ["hypothesis", "pytest"]

[[package]]
name = "startinpy"
version = "0.10.2"
description = "A Delaunay triangulator for terrains"
category = "main"
optional = false
python-versions = ">=3.7"
files = [
    {file = "startinpy-0.10.2-cp310-cp310-macosx_10_9_x86_64.macosx_11_0_arm64.macosx_10_9_universal2.whl", hash = "sha256:6959f6e8b845c2116d45b0d731bdb578d30cbb164b7b6b5005be38cc2650b1c6"},
    {file = "startinpy-0.10.2-cp310-none-win_amd64.whl", hash = "sha256:6f69eebc561168b0fc0856e87c91eda9353d7a078fbb53eeea9969cb6f877852"},
    {file = "startinpy-0.10.2-cp311-cp311-macosx_10_9_x86_64.macosx_11_0_arm64.macosx_10_9_universal2.whl", hash = "sha256:af3b61cd1a12991b6bb72b4ba47cc3b92a32833bf86d2331b6d549f520cd9947"},
    {file = "startinpy-0.10.2-cp311-none-win_amd64.whl", hash = "sha256:c11aee6da42d3b9610f5443544e83c18cb43eea1d8ffe37de07628f64677083e"},
    {file = "startinpy-0.10.2-cp312-cp312-macosx_10_9_x86_64.macosx_11_0_arm64.macosx_10_9_universal2.whl", hash = "sha256:09d0d1deb431d41a28892a839f23ff028c585ffbd30f6a60301c3d69b293c6a6"},
    {file = "startinpy-0.10.2-cp312-none-win_amd64.whl", hash = "sha256:960c8c78691b4f7a6e24e317c40c98806134a3875068c4f774f0481724f4ed91"},
    {file = "startinpy-0.10.2-cp38-cp38-macosx_10_9_x86_64.macosx_11_0_arm64.macosx_10_9_universal2.whl", hash = "sha256:a228d62c6c45ffdc53d9a892193934cfa91ec3633d95deedc557813ffa68997e"},
    {file = "startinpy-0.10.2-cp38-none-win_amd64.whl", hash = "sha256:3d95bb712494583e591769e8e3d659941e9787e89de2f391bb0614fbd6b8ac4b"},
    {file = "startinpy-0.10.2-cp39-cp39-macosx_10_9_x86_64.macosx_11_0_arm64.macosx_10_9_universal2.whl", hash = "sha256:9c28d801d1e7c1df6f258b4ef32dbe8cf07a3246d1a30de205670c36a04ddb80"},
    {file = "startinpy-0.10.2-cp39-none-win_amd64.whl", hash = "sha256:063f6f0b32b6564f3614613dea54b7d6fa253ed7b2139c5c7bbc5af7b04a22b5"},
]

[metadata]
lock-version = "2.0"
python-versions = "^3.11"
content-hash = "a5c420881cd95d0b0dcf596334448e0dfa6077e39316dca2185da85eba145196"
